
Microsoft Visual Studio Solution File, Format Version 12.00
# Visual Studio 15
VisualStudioVersion = 15.0.28307.489
MinimumVisualStudioVersion = 10.0.40219.1
Project("{FAE04EC0-301F-11D3-BF4B-00C04F79EFBC}") = "NETCORE_JWT", "NETCORE_JWT\NETCORE_JWT.csproj", "{BAB373F5-FF9F-4055-A9A4-A2A17C989B7D}"
EndProject
Global
	GlobalSection(SolutionConfigurationPlatforms) = preSolution
		Debug|Any CPU = Debug|Any CPU
		Release|Any CPU = Release|Any CPU
	EndGlobalSection
	GlobalSection(ProjectConfigurationPlatforms) = postSolution
		{BAB373F5-FF9F-4055-A9A4-A2A17C989B7D}.Debug|Any CPU.ActiveCfg = Debug|Any CPU
		{BAB373F5-FF9F-4055-A9A4-A2A17C989B7D}.Debug|Any CPU.Build.0 = Debug|Any CPU
		{BAB373F5-FF9F-4055-A9A4-A2A17C989B7D}.Release|Any CPU.ActiveCfg = Release|Any CPU
		{BAB373F5-FF9F-4055-A9A4-A2A17C989B7D}.Release|Any CPU.Build.0 = Release|Any CPU
	EndGlobalSection
	GlobalSection(SolutionProperties) = preSolution
		HideSolutionNode = FALSE
	EndGlobalSection
	GlobalSection(ExtensibilityGlobals) = postSolution
		SolutionGuid = {77B52557-181B-4F05-9051-73025A95A681}
	EndGlobalSection
EndGlobal
